
Microsoft Visual Studio Solution File, Format Version 12.00
# Visual Studio Version 16
VisualStudioVersion = 16.0.28922.388
MinimumVisualStudioVersion = 10.0.40219.1
Project("{FAE04EC0-301F-11D3-BF4B-00C04F79EFBC}") = "ABM_Test_Assignment", "ABM_Test_Assignment\ABM_Test_Assignment.csproj", "{05C1E238-F5AC-4130-B5DF-551C811D76F7}"
EndProject
Global
	GlobalSection(SolutionConfigurationPlatforms) = preSolution
		Debug|Any CPU = Debug|Any CPU
		Release|Any CPU = Release|Any CPU
	EndGlobalSection
	GlobalSection(ProjectConfigurationPlatforms) = postSolution
		{05C1E238-F5AC-4130-B5DF-551C811D76F7}.Debug|Any CPU.ActiveCfg = Debug|Any CPU
		{05C1E238-F5AC-4130-B5DF-551C811D76F7}.Debug|Any CPU.Build.0 = Debug|Any CPU
		{05C1E238-F5AC-4130-B5DF-551C811D76F7}.Release|Any CPU.ActiveCfg = Release|Any CPU
		{05C1E238-F5AC-4130-B5DF-551C811D76F7}.Release|Any CPU.Build.0 = Release|Any CPU
	EndGlobalSection
	GlobalSection(SolutionProperties) = preSolution
		HideSolutionNode = FALSE
	EndGlobalSection
	GlobalSection(ExtensibilityGlobals) = postSolution
		SolutionGuid = {1F3CD820-4926-43E9-9CDF-17A172D24E41}
	EndGlobalSection
EndGlobal
